// !$*UTF8*$!
{
	archiveVersion = 1;
	classes = {
	};
	objectVersion = 46;
	objects = {

/* Begin PBXBuildFile section */
		1F052C1B1D6ACA46007E1AAC /* ItemListDataProviderTesets.swift in Sources */ = {isa = PBXBuildFile; fileRef = 1F052C1A1D6ACA46007E1AAC /* ItemListDataProviderTesets.swift */; };
		1F052C1D1D6AD077007E1AAC /* ItemCell.swift in Sources */ = {isa = PBXBuildFile; fileRef = 1F052C1C1D6AD077007E1AAC /* ItemCell.swift */; };
		1F052C281D6C2850007E1AAC /* ItemCellTests.swift in Sources */ = {isa = PBXBuildFile; fileRef = 1F052C271D6C2850007E1AAC /* ItemCellTests.swift */; };
		1F052C2A1D6D33E6007E1AAC /* DetailViewControllerTests.swift in Sources */ = {isa = PBXBuildFile; fileRef = 1F052C291D6D33E6007E1AAC /* DetailViewControllerTests.swift */; };
		1F052C2C1D6D34E9007E1AAC /* DetailViewController.swift in Sources */ = {isa = PBXBuildFile; fileRef = 1F052C2B1D6D34E9007E1AAC /* DetailViewController.swift */; };
		1F052C2E1D6D3786007E1AAC /* MapKit.framework in Frameworks */ = {isa = PBXBuildFile; fileRef = 1F052C2D1D6D3786007E1AAC /* MapKit.framework */; };
		1F052C301D6D4D1B007E1AAC /* InputViewControllerTests.swift in Sources */ = {isa = PBXBuildFile; fileRef = 1F052C2F1D6D4D1B007E1AAC /* InputViewControllerTests.swift */; };
		1F052C321D6D4E0F007E1AAC /* InputViewController.swift in Sources */ = {isa = PBXBuildFile; fileRef = 1F052C311D6D4E0F007E1AAC /* InputViewController.swift */; };
		1F4C53DC1D48B77500189335 /* AppDelegate.swift in Sources */ = {isa = PBXBuildFile; fileRef = 1F4C53DB1D48B77500189335 /* AppDelegate.swift */; };
		1F4C53E11D48B77500189335 /* Main.storyboard in Resources */ = {isa = PBXBuildFile; fileRef = 1F4C53DF1D48B77500189335 /* Main.storyboard */; };
		1F4C53E41D48B77500189335 /* ToDo.xcdatamodeld in Sources */ = {isa = PBXBuildFile; fileRef = 1F4C53E21D48B77500189335 /* ToDo.xcdatamodeld */; };
		1F4C53E61D48B77500189335 /* Assets.xcassets in Resources */ = {isa = PBXBuildFile; fileRef = 1F4C53E51D48B77500189335 /* Assets.xcassets */; };
		1F4C53E91D48B77500189335 /* LaunchScreen.storyboard in Resources */ = {isa = PBXBuildFile; fileRef = 1F4C53E71D48B77500189335 /* LaunchScreen.storyboard */; };
		1F63A6E31D669F0E00D49BBF /* Location.swift in Sources */ = {isa = PBXBuildFile; fileRef = 1F63A6E21D669F0E00D49BBF /* Location.swift */; };
		1F63A6E51D66A24200D49BBF /* LocationTests.swift in Sources */ = {isa = PBXBuildFile; fileRef = 1F63A6E41D66A24200D49BBF /* LocationTests.swift */; };
		1F8427791D6709FC00569807 /* ItemManagerTests.swift in Sources */ = {isa = PBXBuildFile; fileRef = 1F8427781D6709FC00569807 /* ItemManagerTests.swift */; };
		1F84277B1D670B9900569807 /* ItemManager.swift in Sources */ = {isa = PBXBuildFile; fileRef = 1F84277A1D670B9900569807 /* ItemManager.swift */; };
		1F8427891D6AA55000569807 /* ItemListViewControllerTests.swift in Sources */ = {isa = PBXBuildFile; fileRef = 1F8427881D6AA55000569807 /* ItemListViewControllerTests.swift */; };
		1F84278E1D6AA66E00569807 /* ItemListViewController.swift in Sources */ = {isa = PBXBuildFile; fileRef = 1F84278D1D6AA66E00569807 /* ItemListViewController.swift */; };
		1F8427911D6AABA600569807 /* ItemListDataProvider.swift in Sources */ = {isa = PBXBuildFile; fileRef = 1F8427901D6AABA600569807 /* ItemListDataProvider.swift */; };
		1F94D7D21D6416FD00B41BE4 /* ToDoItem.swift in Sources */ = {isa = PBXBuildFile; fileRef = 1F94D7D11D6416FD00B41BE4 /* ToDoItem.swift */; };
		1FD24F031D519DDF005F6555 /* ToDoItemTests.swift in Sources */ = {isa = PBXBuildFile; fileRef = 1FD24F021D519DDF005F6555 /* ToDoItemTests.swift */; };
/* End PBXBuildFile section */

/* Begin PBXContainerItemProxy section */
		1F4C53F01D48B77600189335 /* PBXContainerItemProxy */ = {
			isa = PBXContainerItemProxy;
			containerPortal = 1F4C53D01D48B77500189335 /* Project object */;
			proxyType = 1;
			remoteGlobalIDString = 1F4C53D71D48B77500189335;
			remoteInfo = ToDo;
		};
/* End PBXContainerItemProxy section */

/* Begin PBXFileReference section */
		1F052C1A1D6ACA46007E1AAC /* ItemListDataProviderTesets.swift */ = {isa = PBXFileReference; fileEncoding = 4; lastKnownFileType = sourcecode.swift; path = ItemListDataProviderTesets.swift; sourceTree = "<group>"; };
		1F052C1C1D6AD077007E1AAC /* ItemCell.swift */ = {isa = PBXFileReference; fileEncoding = 4; lastKnownFileType = sourcecode.swift; path = ItemCell.swift; sourceTree = "<group>"; };
		1F052C271D6C2850007E1AAC /* ItemCellTests.swift */ = {isa = PBXFileReference; fileEncoding = 4; lastKnownFileType = sourcecode.swift; path = ItemCellTests.swift; sourceTree = "<group>"; };
		1F052C291D6D33E6007E1AAC /* DetailViewControllerTests.swift */ = {isa = PBXFileReference; fileEncoding = 4; lastKnownFileType = sourcecode.swift; path = DetailViewControllerTests.swift; sourceTree = "<group>"; };
		1F052C2B1D6D34E9007E1AAC /* DetailViewController.swift */ = {isa = PBXFileReference; fileEncoding = 4; lastKnownFileType = sourcecode.swift; path = DetailViewController.swift; sourceTree = "<group>"; };
		1F052C2D1D6D3786007E1AAC /* MapKit.framework */ = {isa = PBXFileReference; lastKnownFileType = wrapper.framework; name = MapKit.framework; path = System/Library/Frameworks/MapKit.framework; sourceTree = SDKROOT; };
		1F052C2F1D6D4D1B007E1AAC /* InputViewControllerTests.swift */ = {isa = PBXFileReference; fileEncoding = 4; lastKnownFileType = sourcecode.swift; path = InputViewControllerTests.swift; sourceTree = "<group>"; };
		1F052C311D6D4E0F007E1AAC /* InputViewController.swift */ = {isa = PBXFileReference; fileEncoding = 4; lastKnownFileType = sourcecode.swift; path = InputViewController.swift; sourceTree = "<group>"; };
		1F052C6A1D6E8BC1007E1AAC /* MyPlayground.playground */ = {isa = PBXFileReference; lastKnownFileType = file.playground; path = MyPlayground.playground; sourceTree = "<group>"; };
		1F4C53D81D48B77500189335 /* ToDo.app */ = {isa = PBXFileReference; explicitFileType = wrapper.application; includeInIndex = 0; path = ToDo.app; sourceTree = BUILT_PRODUCTS_DIR; };
		1F4C53DB1D48B77500189335 /* AppDelegate.swift */ = {isa = PBXFileReference; lastKnownFileType = sourcecode.swift; path = AppDelegate.swift; sourceTree = "<group>"; };
		1F4C53E01D48B77500189335 /* Base */ = {isa = PBXFileReference; lastKnownFileType = file.storyboard; name = Base; path = Base.lproj/Main.storyboard; sourceTree = "<group>"; };
		1F4C53E31D48B77500189335 /* ToDo.xcdatamodel */ = {isa = PBXFileReference; lastKnownFileType = wrapper.xcdatamodel; path = ToDo.xcdatamodel; sourceTree = "<group>"; };
		1F4C53E51D48B77500189335 /* Assets.xcassets */ = {isa = PBXFileReference; lastKnownFileType = folder.assetcatalog; path = Assets.xcassets; sourceTree = "<group>"; };
		1F4C53E81D48B77500189335 /* Base */ = {isa = PBXFileReference; lastKnownFileType = file.storyboard; name = Base; path = Base.lproj/LaunchScreen.storyboard; sourceTree = "<group>"; };
		1F4C53EA1D48B77500189335 /* Info.plist */ = {isa = PBXFileReference; lastKnownFileType = text.plist.xml; path = Info.plist; sourceTree = "<group>"; };
		1F4C53EF1D48B77600189335 /* ToDoTests.xctest */ = {isa = PBXFileReference; explicitFileType = wrapper.cfbundle; includeInIndex = 0; path = ToDoTests.xctest; sourceTree = BUILT_PRODUCTS_DIR; };
		1F4C53F51D48B77600189335 /* Info.plist */ = {isa = PBXFileReference; lastKnownFileType = text.plist.xml; path = Info.plist; sourceTree = "<group>"; };
		1F63A6E21D669F0E00D49BBF /* Location.swift */ = {isa = PBXFileReference; fileEncoding = 4; lastKnownFileType = sourcecode.swift; path = Location.swift; sourceTree = "<group>"; };
		1F63A6E41D66A24200D49BBF /* LocationTests.swift */ = {isa = PBXFileReference; fileEncoding = 4; lastKnownFileType = sourcecode.swift; path = LocationTests.swift; sourceTree = "<group>"; };
		1F8427781D6709FC00569807 /* ItemManagerTests.swift */ = {isa = PBXFileReference; fileEncoding = 4; lastKnownFileType = sourcecode.swift; path = ItemManagerTests.swift; sourceTree = "<group>"; };
		1F84277A1D670B9900569807 /* ItemManager.swift */ = {isa = PBXFileReference; fileEncoding = 4; lastKnownFileType = sourcecode.swift; path = ItemManager.swift; sourceTree = "<group>"; };
		1F8427881D6AA55000569807 /* ItemListViewControllerTests.swift */ = {isa = PBXFileReference; fileEncoding = 4; lastKnownFileType = sourcecode.swift; path = ItemListViewControllerTests.swift; sourceTree = "<group>"; };
		1F84278D1D6AA66E00569807 /* ItemListViewController.swift */ = {isa = PBXFileReference; fileEncoding = 4; lastKnownFileType = sourcecode.swift; path = ItemListViewController.swift; sourceTree = "<group>"; };
		1F8427901D6AABA600569807 /* ItemListDataProvider.swift */ = {isa = PBXFileReference; fileEncoding = 4; lastKnownFileType = sourcecode.swift; path = ItemListDataProvider.swift; sourceTree = "<group>"; };
		1F94D7D11D6416FD00B41BE4 /* ToDoItem.swift */ = {isa = PBXFileReference; fileEncoding = 4; lastKnownFileType = sourcecode.swift; path = ToDoItem.swift; sourceTree = "<group>"; };
		1FD24F021D519DDF005F6555 /* ToDoItemTests.swift */ = {isa = PBXFileReference; fileEncoding = 4; lastKnownFileType = sourcecode.swift; path = ToDoItemTests.swift; sourceTree = "<group>"; };
/* End PBXFileReference section */

/* Begin PBXFrameworksBuildPhase section */
		1F4C53D51D48B77500189335 /* Frameworks */ = {
			isa = PBXFrameworksBuildPhase;
			buildActionMask = 2147483647;
			files = (
				1F052C2E1D6D3786007E1AAC /* MapKit.framework in Frameworks */,
			);
			runOnlyForDeploymentPostprocessing = 0;
		};
		1F4C53EC1D48B77600189335 /* Frameworks */ = {
			isa = PBXFrameworksBuildPhase;
			buildActionMask = 2147483647;
			files = (
			);
			runOnlyForDeploymentPostprocessing = 0;
		};
/* End PBXFrameworksBuildPhase section */

/* Begin PBXGroup section */
		1F4C53CF1D48B77500189335 = {
			isa = PBXGroup;
			children = (
				1F052C2D1D6D3786007E1AAC /* MapKit.framework */,
				1F4C53DA1D48B77500189335 /* ToDo */,
				1F4C53F21D48B77600189335 /* ToDoTests */,
				1F4C53D91D48B77500189335 /* Products */,
			);
			sourceTree = "<group>";
		};
		1F4C53D91D48B77500189335 /* Products */ = {
			isa = PBXGroup;
			children = (
				1F4C53D81D48B77500189335 /* ToDo.app */,
				1F4C53EF1D48B77600189335 /* ToDoTests.xctest */,
			);
			name = Products;
			sourceTree = "<group>";
		};
		1F4C53DA1D48B77500189335 /* ToDo */ = {
			isa = PBXGroup;
			children = (
				1F84278C1D6AA66E00569807 /* Controller */,
				1FD24F101D51C850005F6555 /* Model */,
				1F4C53DB1D48B77500189335 /* AppDelegate.swift */,
				1F4C53DF1D48B77500189335 /* Main.storyboard */,
				1F4C53E51D48B77500189335 /* Assets.xcassets */,
				1F4C53E71D48B77500189335 /* LaunchScreen.storyboard */,
				1F4C53EA1D48B77500189335 /* Info.plist */,
				1F4C53E21D48B77500189335 /* ToDo.xcdatamodeld */,
			);
			path = ToDo;
			sourceTree = "<group>";
		};
		1F4C53F21D48B77600189335 /* ToDoTests */ = {
			isa = PBXGroup;
			children = (
				1F8427871D6AA55000569807 /* Controller */,
				1FD24F041D519DEB005F6555 /* Model */,
				1F4C53F51D48B77600189335 /* Info.plist */,
				1F052C6A1D6E8BC1007E1AAC /* MyPlayground.playground */,
			);
			path = ToDoTests;
			sourceTree = "<group>";
		};
		1F8427871D6AA55000569807 /* Controller */ = {
			isa = PBXGroup;
			children = (
				1F8427881D6AA55000569807 /* ItemListViewControllerTests.swift */,
				1F052C1A1D6ACA46007E1AAC /* ItemListDataProviderTesets.swift */,
				1F052C271D6C2850007E1AAC /* ItemCellTests.swift */,
				1F052C291D6D33E6007E1AAC /* DetailViewControllerTests.swift */,
				1F052C2F1D6D4D1B007E1AAC /* InputViewControllerTests.swift */,
			);
			path = Controller;
			sourceTree = "<group>";
		};
		1F84278C1D6AA66E00569807 /* Controller */ = {
			isa = PBXGroup;
			children = (
				1F84278D1D6AA66E00569807 /* ItemListViewController.swift */,
				1F8427901D6AABA600569807 /* ItemListDataProvider.swift */,
				1F052C1C1D6AD077007E1AAC /* ItemCell.swift */,
				1F052C2B1D6D34E9007E1AAC /* DetailViewController.swift */,
				1F052C311D6D4E0F007E1AAC /* InputViewController.swift */,
			);
			path = Controller;
			sourceTree = "<group>";
		};
		1FD24F041D519DEB005F6555 /* Model */ = {
			isa = PBXGroup;
			children = (
				1FD24F021D519DDF005F6555 /* ToDoItemTests.swift */,
				1F63A6E41D66A24200D49BBF /* LocationTests.swift */,
				1F8427781D6709FC00569807 /* ItemManagerTests.swift */,
			);
			path = Model;
			sourceTree = "<group>";
		};
		1FD24F101D51C850005F6555 /* Model */ = {
			isa = PBXGroup;
			children = (
				1F94D7D11D6416FD00B41BE4 /* ToDoItem.swift */,
				1F63A6E21D669F0E00D49BBF /* Location.swift */,
				1F84277A1D670B9900569807 /* ItemManager.swift */,
			);
			path = Model;
			sourceTree = "<group>";
		};
/* End PBXGroup section */

/* Begin PBXNativeTarget section */
		1F4C53D71D48B77500189335 /* ToDo */ = {
			isa = PBXNativeTarget;
			buildConfigurationList = 1F4C53F81D48B77600189335 /* Build configuration list for PBXNativeTarget "ToDo" */;
			buildPhases = (
				1F4C53D41D48B77500189335 /* Sources */,
				1F4C53D51D48B77500189335 /* Frameworks */,
				1F4C53D61D48B77500189335 /* Resources */,
			);
			buildRules = (
			);
			dependencies = (
			);
			name = ToDo;
			productName = ToDo;
			productReference = 1F4C53D81D48B77500189335 /* ToDo.app */;
			productType = "com.apple.product-type.application";
		};
		1F4C53EE1D48B77600189335 /* ToDoTests */ = {
			isa = PBXNativeTarget;
			buildConfigurationList = 1F4C53FB1D48B77600189335 /* Build configuration list for PBXNativeTarget "ToDoTests" */;
			buildPhases = (
				1F4C53EB1D48B77600189335 /* Sources */,
				1F4C53EC1D48B77600189335 /* Frameworks */,
				1F4C53ED1D48B77600189335 /* Resources */,
			);
			buildRules = (
			);
			dependencies = (
				1F4C53F11D48B77600189335 /* PBXTargetDependency */,
			);
			name = ToDoTests;
			productName = ToDoTests;
			productReference = 1F4C53EF1D48B77600189335 /* ToDoTests.xctest */;
			productType = "com.apple.product-type.bundle.unit-test";
		};
/* End PBXNativeTarget section */

/* Begin PBXProject section */
		1F4C53D01D48B77500189335 /* Project object */ = {
			isa = PBXProject;
			attributes = {
				LastSwiftUpdateCheck = 0730;
				LastUpgradeCheck = 0730;
				ORGANIZATIONNAME = "Bruce Li";
				TargetAttributes = {
					1F4C53D71D48B77500189335 = {
						CreatedOnToolsVersion = 7.3.1;
						DevelopmentTeam = HT4F83G285;
						SystemCapabilities = {
							com.apple.Maps.iOS = {
								enabled = 1;
							};
						};
					};
					1F4C53EE1D48B77600189335 = {
						CreatedOnToolsVersion = 7.3.1;
						DevelopmentTeam = HT4F83G285;
						TestTargetID = 1F4C53D71D48B77500189335;
					};
				};
			};
			buildConfigurationList = 1F4C53D31D48B77500189335 /* Build configuration list for PBXProject "ToDo" */;
			compatibilityVersion = "Xcode 3.2";
			developmentRegion = English;
			hasScannedForEncodings = 0;
			knownRegions = (
				en,
				Base,
			);
			mainGroup = 1F4C53CF1D48B77500189335;
			productRefGroup = 1F4C53D91D48B77500189335 /* Products */;
			projectDirPath = "";
			projectRoot = "";
			targets = (
				1F4C53D71D48B77500189335 /* ToDo */,
				1F4C53EE1D48B77600189335 /* ToDoTests */,
			);
		};
/* End PBXProject section */

/* Begin PBXResourcesBuildPhase section */
		1F4C53D61D48B77500189335 /* Resources */ = {
			isa = PBXResourcesBuildPhase;
			buildActionMask = 2147483647;
			files = (
				1F4C53E91D48B77500189335 /* LaunchScreen.storyboard in Resources */,
				1F4C53E61D48B77500189335 /* Assets.xcassets in Resources */,
				1F4C53E11D48B77500189335 /* Main.storyboard in Resources */,
			);
			runOnlyForDeploymentPostprocessing = 0;
		};
		1F4C53ED1D48B77600189335 /* Resources */ = {
			isa = PBXResourcesBuildPhase;
			buildActionMask = 2147483647;
			files = (
			);
			runOnlyForDeploymentPostprocessing = 0;
		};
/* End PBXResourcesBuildPhase section */

/* Begin PBXSourcesBuildPhase section */
		1F4C53D41D48B77500189335 /* Sources */ = {
			isa = PBXSourcesBuildPhase;
			buildActionMask = 2147483647;
			files = (
				1F052C2C1D6D34E9007E1AAC /* DetailViewController.swift in Sources */,
				1F052C321D6D4E0F007E1AAC /* InputViewController.swift in Sources */,
				1F052C1D1D6AD077007E1AAC /* ItemCell.swift in Sources */,
				1F84278E1D6AA66E00569807 /* ItemListViewController.swift in Sources */,
				1F8427911D6AABA600569807 /* ItemListDataProvider.swift in Sources */,
				1F4C53E41D48B77500189335 /* ToDo.xcdatamodeld in Sources */,
				1F63A6E31D669F0E00D49BBF /* Location.swift in Sources */,
				1F94D7D21D6416FD00B41BE4 /* ToDoItem.swift in Sources */,
				1F84277B1D670B9900569807 /* ItemManager.swift in Sources */,
				1F4C53DC1D48B77500189335 /* AppDelegate.swift in Sources */,
			);
			runOnlyForDeploymentPostprocessing = 0;
		};
		1F4C53EB1D48B77600189335 /* Sources */ = {
			isa = PBXSourcesBuildPhase;
			buildActionMask = 2147483647;
			files = (
				1F052C281D6C2850007E1AAC /* ItemCellTests.swift in Sources */,
				1F8427891D6AA55000569807 /* ItemListViewControllerTests.swift in Sources */,
				1F8427791D6709FC00569807 /* ItemManagerTests.swift in Sources */,
				1F052C301D6D4D1B007E1AAC /* InputViewControllerTests.swift in Sources */,
				1F63A6E51D66A24200D49BBF /* LocationTests.swift in Sources */,
				1F052C1B1D6ACA46007E1AAC /* ItemListDataProviderTesets.swift in Sources */,
				1FD24F031D519DDF005F6555 /* ToDoItemTests.swift in Sources */,
				1F052C2A1D6D33E6007E1AAC /* DetailViewControllerTests.swift in Sources */,
			);
			runOnlyForDeploymentPostprocessing = 0;
		};
/* End PBXSourcesBuildPhase section */

/* Begin PBXTargetDependency section */
		1F4C53F11D48B77600189335 /* PBXTargetDependency */ = {
			isa = PBXTargetDependency;
			target = 1F4C53D71D48B77500189335 /* ToDo */;
			targetProxy = 1F4C53F01D48B77600189335 /* PBXContainerItemProxy */;
		};
/* End PBXTargetDependency section */

/* Begin PBXVariantGroup section */
		1F4C53DF1D48B77500189335 /* Main.storyboard */ = {
			isa = PBXVariantGroup;
			children = (
				1F4C53E01D48B77500189335 /* Base */,
			);
			name = Main.storyboard;
			sourceTree = "<group>";
		};
		1F4C53E71D48B77500189335 /* LaunchScreen.storyboard */ = {
			isa = PBXVariantGroup;
			children = (
				1F4C53E81D48B77500189335 /* Base */,
			);
			name = LaunchScreen.storyboard;
			sourceTree = "<group>";
		};
/* End PBXVariantGroup section */

/* Begin XCBuildConfiguration section */
		1F4C53F61D48B77600189335 /* Debug */ = {
			isa = XCBuildConfiguration;
			buildSettings = {
				ALWAYS_SEARCH_USER_PATHS = NO;
				CLANG_ANALYZER_NONNULL = YES;
				CLANG_CXX_LANGUAGE_STANDARD = "gnu++0x";
				CLANG_CXX_LIBRARY = "libc++";
				CLANG_ENABLE_MODULES = YES;
				CLANG_ENABLE_OBJC_ARC = YES;
				CLANG_WARN_BOOL_CONVERSION = YES;
				CLANG_WARN_CONSTANT_CONVERSION = YES;
				CLANG_WARN_DIRECT_OBJC_ISA_USAGE = YES_ERROR;
				CLANG_WARN_EMPTY_BODY = YES;
				CLANG_WARN_ENUM_CONVERSION = YES;
				CLANG_WARN_INT_CONVERSION = YES;
				CLANG_WARN_OBJC_ROOT_CLASS = YES_ERROR;
				CLANG_WARN_UNREACHABLE_CODE = YES;
				CLANG_WARN__DUPLICATE_METHOD_MATCH = YES;
				"CODE_SIGN_IDENTITY[sdk=iphoneos*]" = "iPhone Developer";
				COPY_PHASE_STRIP = NO;
				DEBUG_INFORMATION_FORMAT = dwarf;
				ENABLE_STRICT_OBJC_MSGSEND = YES;
				ENABLE_TESTABILITY = YES;
				GCC_C_LANGUAGE_STANDARD = gnu99;
				GCC_DYNAMIC_NO_PIC = NO;
				GCC_NO_COMMON_BLOCKS = YES;
				GCC_OPTIMIZATION_LEVEL = 0;
				GCC_PREPROCESSOR_DEFINITIONS = (
					"DEBUG=1",
					"$(inherited)",
				);
				GCC_WARN_64_TO_32_BIT_CONVERSION = YES;
				GCC_WARN_ABOUT_RETURN_TYPE = YES_ERROR;
				GCC_WARN_UNDECLARED_SELECTOR = YES;
				GCC_WARN_UNINITIALIZED_AUTOS = YES_AGGRESSIVE;
				GCC_WARN_UNUSED_FUNCTION = YES;
				GCC_WARN_UNUSED_VARIABLE = YES;
				IPHONEOS_DEPLOYMENT_TARGET = 9.3;
				MTL_ENABLE_DEBUG_INFO = YES;
				ONLY_ACTIVE_ARCH = YES;
				SDKROOT = iphoneos;
				SWIFT_OPTIMIZATION_LEVEL = "-Onone";
			};
			name = Debug;
		};
		1F4C53F71D48B77600189335 /* Release */ = {
			isa = XCBuildConfiguration;
			buildSettings = {
				ALWAYS_SEARCH_USER_PATHS = NO;
				CLANG_ANALYZER_NONNULL = YES;
				CLANG_CXX_LANGUAGE_STANDARD = "gnu++0x";
				CLANG_CXX_LIBRARY = "libc++";
				CLANG_ENABLE_MODULES = YES;
				CLANG_ENABLE_OBJC_ARC = YES;
				CLANG_WARN_BOOL_CONVERSION = YES;
				CLANG_WARN_CONSTANT_CONVERSION = YES;
				CLANG_WARN_DIRECT_OBJC_ISA_USAGE = YES_ERROR;
				CLANG_WARN_EMPTY_BODY = YES;
				CLANG_WARN_ENUM_CONVERSION = YES;
				CLANG_WARN_INT_CONVERSION = YES;
				CLANG_WARN_OBJC_ROOT_CLASS = YES_ERROR;
				CLANG_WARN_UNREACHABLE_CODE = YES;
				CLANG_WARN__DUPLICATE_METHOD_MATCH = YES;
				"CODE_SIGN_IDENTITY[sdk=iphoneos*]" = "iPhone Developer";
				COPY_PHASE_STRIP = NO;
				DEBUG_INFORMATION_FORMAT = "dwarf-with-dsym";
				ENABLE_NS_ASSERTIONS = NO;
				ENABLE_STRICT_OBJC_MSGSEND = YES;
				GCC_C_LANGUAGE_STANDARD = gnu99;
				GCC_NO_COMMON_BLOCKS = YES;
				GCC_WARN_64_TO_32_BIT_CONVERSION = YES;
				GCC_WARN_ABOUT_RETURN_TYPE = YES_ERROR;
				GCC_WARN_UNDECLARED_SELECTOR = YES;
				GCC_WARN_UNINITIALIZED_AUTOS = YES_AGGRESSIVE;
				GCC_WARN_UNUSED_FUNCTION = YES;
				GCC_WARN_UNUSED_VARIABLE = YES;
				IPHONEOS_DEPLOYMENT_TARGET = 9.3;
				MTL_ENABLE_DEBUG_INFO = NO;
				SDKROOT = iphoneos;
				VALIDATE_PRODUCT = YES;
			};
			name = Release;
		};
		1F4C53F91D48B77600189335 /* Debug */ = {
			isa = XCBuildConfiguration;
			buildSettings = {
				ASSETCATALOG_COMPILER_APPICON_NAME = AppIcon;
				INFOPLIST_FILE = ToDo/Info.plist;
				LD_RUNPATH_SEARCH_PATHS = "$(inherited) @executable_path/Frameworks";
				PRODUCT_BUNDLE_IDENTIFIER = com.bruceli.ToDo;
				PRODUCT_NAME = "$(TARGET_NAME)";
			};
			name = Debug;
		};
		1F4C53FA1D48B77600189335 /* Release */ = {
			isa = XCBuildConfiguration;
			buildSettings = {
				ASSETCATALOG_COMPILER_APPICON_NAME = AppIcon;
				INFOPLIST_FILE = ToDo/Info.plist;
				LD_RUNPATH_SEARCH_PATHS = "$(inherited) @executable_path/Frameworks";
				PRODUCT_BUNDLE_IDENTIFIER = com.bruceli.ToDo;
				PRODUCT_NAME = "$(TARGET_NAME)";
			};
			name = Release;
		};
		1F4C53FC1D48B77600189335 /* Debug */ = {
			isa = XCBuildConfiguration;
			buildSettings = {
				BUNDLE_LOADER = "$(TEST_HOST)";
				CLANG_ENABLE_MODULES = YES;
				INFOPLIST_FILE = ToDoTests/Info.plist;
				LD_RUNPATH_SEARCH_PATHS = "$(inherited) @executable_path/Frameworks @loader_path/Frameworks";
				PRODUCT_BUNDLE_IDENTIFIER = com.bruceli.ToDoTests;
				PRODUCT_MODULE_NAME = Tests;
				PRODUCT_NAME = "$(TARGET_NAME)";
				SWIFT_OBJC_BRIDGING_HEADER = "";
				SWIFT_OPTIMIZATION_LEVEL = "-Onone";
				TEST_HOST = "$(BUILT_PRODUCTS_DIR)/ToDo.app/ToDo";
			};
			name = Debug;
		};
		1F4C53FD1D48B77600189335 /* Release */ = {
			isa = XCBuildConfiguration;
			buildSettings = {
				BUNDLE_LOADER = "$(TEST_HOST)";
				CLANG_ENABLE_MODULES = YES;
				INFOPLIST_FILE = ToDoTests/Info.plist;
				LD_RUNPATH_SEARCH_PATHS = "$(inherited) @executable_path/Frameworks @loader_path/Frameworks";
				PRODUCT_BUNDLE_IDENTIFIER = com.bruceli.ToDoTests;
				PRODUCT_MODULE_NAME = Tests;
				PRODUCT_NAME = "$(TARGET_NAME)";
				SWIFT_OBJC_BRIDGING_HEADER = "";
				TEST_HOST = "$(BUILT_PRODUCTS_DIR)/ToDo.app/ToDo";
			};
			name = Release;
		};
/* End XCBuildConfiguration section */

/* Begin XCConfigurationList section */
		1F4C53D31D48B77500189335 /* Build configuration list for PBXProject "ToDo" */ = {
			isa = XCConfigurationList;
			buildConfigurations = (
				1F4C53F61D48B77600189335 /* Debug */,
				1F4C53F71D48B77600189335 /* Release */,
			);
			defaultConfigurationIsVisible = 0;
			defaultConfigurationName = Release;
		};
		1F4C53F81D48B77600189335 /* Build configuration list for PBXNativeTarget "ToDo" */ = {
			isa = XCConfigurationList;
			buildConfigurations = (
				1F4C53F91D48B77600189335 /* Debug */,
				1F4C53FA1D48B77600189335 /* Release */,
			);
			defaultConfigurationIsVisible = 0;
			defaultConfigurationName = Release;
		};
		1F4C53FB1D48B77600189335 /* Build configuration list for PBXNativeTarget "ToDoTests" */ = {
			isa = XCConfigurationList;
			buildConfigurations = (
				1F4C53FC1D48B77600189335 /* Debug */,
				1F4C53FD1D48B77600189335 /* Release */,
			);
			defaultConfigurationIsVisible = 0;
			defaultConfigurationName = Release;
		};
/* End XCConfigurationList section */

/* Begin XCVersionGroup section */
		1F4C53E21D48B77500189335 /* ToDo.xcdatamodeld */ = {
			isa = XCVersionGroup;
			children = (
				1F4C53E31D48B77500189335 /* ToDo.xcdatamodel */,
			);
			currentVersion = 1F4C53E31D48B77500189335 /* ToDo.xcdatamodel */;
			path = ToDo.xcdatamodeld;
			sourceTree = "<group>";
			versionGroupType = wrapper.xcdatamodel;
		};
/* End XCVersionGroup section */
	};
	rootObject = 1F4C53D01D48B77500189335 /* Project object */;
}
